{
	"name": "koora",
	"version": "0.0.8",
	"lockfileVersion": 2,
	"requires": true,
	"packages": {
		"": {
			"name": "koora",
			"version": "0.0.8",
			"license": "MIT",
			"dependencies": {
				"lodash.debounce": "^4.0.8"
			}
		},
		"node_modules/lodash.debounce": {
			"version": "4.0.8",
			"resolved": "https://registry.npmjs.org/lodash.debounce/-/lodash.debounce-4.0.8.tgz",
			"integrity": "sha1-gteb/zCmfEAF/9XiUVMArZyk168="
		}
	},
	"dependencies": {
		"lodash.debounce": {
			"version": "4.0.8",
			"resolved": "https://registry.npmjs.org/lodash.debounce/-/lodash.debounce-4.0.8.tgz",
			"integrity": "sha1-gteb/zCmfEAF/9XiUVMArZyk168="
		}
	}
}
